schema: '2.0'
stages:
  prepare:
    cmd: python src/prepare_data.py
    deps:
    - path: data/raw/flight_delays_ru_synthetic_2023_2025.csv
      hash: md5
      md5: 19bc43e4743cdd200a9c2dc03a41297c
      size: 26092858
    - path: src/prepare_data.py
      hash: md5
      md5: a510fe14c4bd8991cbf686bf63b59b99
      size: 4502
    params:
      params.yaml:
        data:
          raw_path: data/raw/flight_delays_ru_synthetic_2023_2025.csv
          cleaned_path: data/interim/cleaned_flights.csv
          features_path: data/processed/features.csv
          date_column: flight_date
        target:
          delay_threshold_minutes: 15
    outs:
    - path: data/interim/cleaned_flights.csv
      hash: md5
      md5: c3ac0c33d46b4396fb99506507c84b3e
      size: 26874773
  featurize:
    cmd: python src/make_features.py
    deps:
    - path: data/interim/cleaned_flights.csv
      hash: md5
      md5: c3ac0c33d46b4396fb99506507c84b3e
      size: 26874773
    - path: src/make_features.py
      hash: md5
      md5: 0ac9ae58b0b4d8f8a4db1f3a40760fe9
      size: 2566
    params:
      params.yaml:
        data:
          raw_path: data/raw/flight_delays_ru_synthetic_2023_2025.csv
          cleaned_path: data/interim/cleaned_flights.csv
          features_path: data/processed/features.csv
          date_column: flight_date
        features:
          categorical:
          - airline_code
          - origin_airport
          - destination_airport
          - route
          - aircraft_type
          - day_of_week
          - season
          - weather_origin
          - weather_destination
          numeric:
          - distance_km
          - planned_duration_min
          - departure_hour
          - month
          - is_weekend
          - temperature_origin_c
          - wind_speed_origin_mps
          - precipitation_origin_mm
          - visibility_origin_km
          - airport_load_index
          - airline_load_factor
          - previous_flight_delay_min
          - route_avg_delay_min
          - aircraft_age_years
          - technical_check_required
          - crew_change_required
        target:
          delay_threshold_minutes: 15
    outs:
    - path: data/processed/features.csv
      hash: md5
      md5: 2dad41bd8534ab08937ef4c9a41c2641
      size: 20143623
  train_delay:
    cmd: python src/train_delay.py
    deps:
    - path: data/processed/features.csv
      hash: md5
      md5: 2dad41bd8534ab08937ef4c9a41c2641
      size: 20143623
    - path: src/evaluate.py
      hash: md5
      md5: 39d592fdf96f91ff98d94611a1c4bcbb
      size: 3574
    - path: src/train_delay.py
      hash: md5
      md5: 1c8a794c9e13ff64030b2c37f1fbf427
      size: 10373
    params:
      params.yaml:
        data:
          raw_path: data/raw/flight_delays_ru_synthetic_2023_2025.csv
          cleaned_path: data/interim/cleaned_flights.csv
          features_path: data/processed/features.csv
          date_column: flight_date
        delay_model:
          model_type: random_forest
          n_estimators: 200
          max_depth: 10
          threshold: 0.5
          class_weight: balanced
        features:
          categorical:
          - airline_code
          - origin_airport
          - destination_airport
          - route
          - aircraft_type
          - day_of_week
          - season
          - weather_origin
          - weather_destination
          numeric:
          - distance_km
          - planned_duration_min
          - departure_hour
          - month
          - is_weekend
          - temperature_origin_c
          - wind_speed_origin_mps
          - precipitation_origin_mm
          - visibility_origin_km
          - airport_load_index
          - airline_load_factor
          - previous_flight_delay_min
          - route_avg_delay_min
          - aircraft_age_years
          - technical_check_required
          - crew_change_required
        split:
          strategy: time_based
          train_size: 0.7
          val_size: 0.15
          test_size: 0.15
          random_state: 42
        target:
          delay_threshold_minutes: 15
    outs:
    - path: models/delay_model
      hash: md5
      md5: eb77c25a62d4a903b5ff97028040df44.dir
      size: 7134666
      nfiles: 2
    - path: reports/metrics/delay_metrics.json
      hash: md5
      md5: 2bbaecf246058acf00617de386af9d85
      size: 655
  train_reason:
    cmd: python src/train_reason.py
    deps:
    - path: data/processed/features.csv
      hash: md5
      md5: 2dad41bd8534ab08937ef4c9a41c2641
      size: 20143623
    - path: src/evaluate.py
      hash: md5
      md5: 39d592fdf96f91ff98d94611a1c4bcbb
      size: 3574
    - path: src/train_reason.py
      hash: md5
      md5: 76f3cbe597a7c46e9a7a192c0e33810b
      size: 9159
    params:
      params.yaml:
        data:
          raw_path: data/raw/flight_delays_ru_synthetic_2023_2025.csv
          cleaned_path: data/interim/cleaned_flights.csv
          features_path: data/processed/features.csv
          date_column: flight_date
        features:
          categorical:
          - airline_code
          - origin_airport
          - destination_airport
          - route
          - aircraft_type
          - day_of_week
          - season
          - weather_origin
          - weather_destination
          numeric:
          - distance_km
          - planned_duration_min
          - departure_hour
          - month
          - is_weekend
          - temperature_origin_c
          - wind_speed_origin_mps
          - precipitation_origin_mm
          - visibility_origin_km
          - airport_load_index
          - airline_load_factor
          - previous_flight_delay_min
          - route_avg_delay_min
          - aircraft_age_years
          - technical_check_required
          - crew_change_required
        reason_model:
          model_type: random_forest
          n_estimators: 200
          max_depth: 10
          class_weight: balanced
        split:
          strategy: time_based
          train_size: 0.7
          val_size: 0.15
          test_size: 0.15
          random_state: 42
    outs:
    - path: models/reason_model
      hash: md5
      md5: 81a9a4eadfe2d9f7a747e416df87bb23.dir
      size: 8329209
      nfiles: 2
    - path: reports/metrics/reason_metrics.json
      hash: md5
      md5: 1d5de1cf7a751d1af2efd05c1614d368
      size: 2729
